// !$*UTF8*$!
{
	archiveVersion = 1;
	classes = {
	};
	objectVersion = 56;
	objects = {

/* Begin PBXBuildFile section */
		A10000000000000000000001 /* SimpleUsageBarApp.swift in Sources */ = {isa = PBXBuildFile; fileRef = A20000000000000000000001 /* SimpleUsageBarApp.swift */; };
		A10000000000000000000002 /* AppModel.swift in Sources */ = {isa = PBXBuildFile; fileRef = A20000000000000000000002 /* AppModel.swift */; };
		A10000000000000000000003 /* UsageSnapshot.swift in Sources */ = {isa = PBXBuildFile; fileRef = A20000000000000000000003 /* UsageSnapshot.swift */; };
		A10000000000000000000004 /* UsageDisplayFormatter.swift in Sources */ = {isa = PBXBuildFile; fileRef = A20000000000000000000004 /* UsageDisplayFormatter.swift */; };
		A10000000000000000000005 /* PopoverContentView.swift in Sources */ = {isa = PBXBuildFile; fileRef = A20000000000000000000005 /* PopoverContentView.swift */; };
		A10000000000000000000006 /* Assets.xcassets in Resources */ = {isa = PBXBuildFile; fileRef = A20000000000000000000006 /* Assets.xcassets */; };
		A10000000000000000000007 /* UsageDisplayFormatterTests.swift in Sources */ = {isa = PBXBuildFile; fileRef = A20000000000000000000007 /* UsageDisplayFormatterTests.swift */; };
		A1000000000000000000000B /* AppState.swift in Sources */ = {isa = PBXBuildFile; fileRef = A2000000000000000000000B /* AppState.swift */; };
		A1000000000000000000000C /* GrokAuthStore.swift in Sources */ = {isa = PBXBuildFile; fileRef = A2000000000000000000000C /* GrokAuthStore.swift */; };
		A1000000000000000000000D /* GrokCreditsProtoParser.swift in Sources */ = {isa = PBXBuildFile; fileRef = A2000000000000000000000D /* GrokCreditsProtoParser.swift */; };
		A1000000000000000000000E /* GrokBillingClient.swift in Sources */ = {isa = PBXBuildFile; fileRef = A2000000000000000000000E /* GrokBillingClient.swift */; };
		A1000000000000000000000F /* GrokProvider.swift in Sources */ = {isa = PBXBuildFile; fileRef = A2000000000000000000000F /* GrokProvider.swift */; };
		A10000000000000000000010 /* GrokAuthStoreTests.swift in Sources */ = {isa = PBXBuildFile; fileRef = A20000000000000000000010 /* GrokAuthStoreTests.swift */; };
		A10000000000000000000011 /* GrokCreditsProtoParserTests.swift in Sources */ = {isa = PBXBuildFile; fileRef = A20000000000000000000011 /* GrokCreditsProtoParserTests.swift */; };
		A10000000000000000000012 /* GrokBillingClientTests.swift in Sources */ = {isa = PBXBuildFile; fileRef = A20000000000000000000012 /* GrokBillingClientTests.swift */; };
		A10000000000000000000013 /* get_grok_credits_config_sample.bin in Resources */ = {isa = PBXBuildFile; fileRef = A20000000000000000000013 /* get_grok_credits_config_sample.bin */; };

		A10000000000000000000014 /* AuthWatchPaths.swift in Sources */ = {isa = PBXBuildFile; fileRef = A20000000000000000000014 /* AuthWatchPaths.swift */; };
		A10000000000000000000015 /* AuthFileWatcher.swift in Sources */ = {isa = PBXBuildFile; fileRef = A20000000000000000000015 /* AuthFileWatcher.swift */; };
		A10000000000000000000016 /* LaunchAtLogin.swift in Sources */ = {isa = PBXBuildFile; fileRef = A20000000000000000000016 /* LaunchAtLogin.swift */; };
		A10000000000000000000017 /* UsageBandStyle.swift in Sources */ = {isa = PBXBuildFile; fileRef = A20000000000000000000017 /* UsageBandStyle.swift */; };
		A10000000000000000000018 /* AuthWatchPathsTests.swift in Sources */ = {isa = PBXBuildFile; fileRef = A20000000000000000000018 /* AuthWatchPathsTests.swift */; };
		A10000000000000000000019 /* UsageBandStyleTests.swift in Sources */ = {isa = PBXBuildFile; fileRef = A20000000000000000000019 /* UsageBandStyleTests.swift */; };
		A1000000000000000000001A /* AppModelRefreshTests.swift in Sources */ = {isa = PBXBuildFile; fileRef = A2000000000000000000001A /* AppModelRefreshTests.swift */; };
		A1000000000000000000001B /* UsageThresholdAlert.swift in Sources */ = {isa = PBXBuildFile; fileRef = A2000000000000000000001B /* UsageThresholdAlert.swift */; };
		A1000000000000000000001C /* UsageThresholdNotifier.swift in Sources */ = {isa = PBXBuildFile; fileRef = A2000000000000000000001C /* UsageThresholdNotifier.swift */; };
		A1000000000000000000001D /* UsageThresholdAlertTests.swift in Sources */ = {isa = PBXBuildFile; fileRef = A2000000000000000000001D /* UsageThresholdAlertTests.swift */; };
		A1000000000000000000001E /* AppModelThresholdNotifyTests.swift in Sources */ = {isa = PBXBuildFile; fileRef = A2000000000000000000001E /* AppModelThresholdNotifyTests.swift */; };
/* End PBXBuildFile section */

/* Begin PBXContainerItemProxy section */
		A30000000000000000000001 /* PBXContainerItemProxy */ = {
			isa = PBXContainerItemProxy;
			containerPortal = A40000000000000000000001 /* Project object */;
			proxyType = 1;
			remoteGlobalIDString = A50000000000000000000001;
			remoteInfo = SimpleUsageBar;
		};
/* End PBXContainerItemProxy section */

/* Begin PBXFileReference section */
		A20000000000000000000001 /* SimpleUsageBarApp.swift */ = {isa = PBXFileReference; lastKnownFileType = sourcecode.swift; path = SimpleUsageBarApp.swift; sourceTree = "<group>"; };
		A20000000000000000000002 /* AppModel.swift */ = {isa = PBXFileReference; lastKnownFileType = sourcecode.swift; path = AppModel.swift; sourceTree = "<group>"; };
		A20000000000000000000003 /* UsageSnapshot.swift */ = {isa = PBXFileReference; lastKnownFileType = sourcecode.swift; path = UsageSnapshot.swift; sourceTree = "<group>"; };
		A20000000000000000000004 /* UsageDisplayFormatter.swift */ = {isa = PBXFileReference; lastKnownFileType = sourcecode.swift; path = UsageDisplayFormatter.swift; sourceTree = "<group>"; };
		A20000000000000000000005 /* PopoverContentView.swift */ = {isa = PBXFileReference; lastKnownFileType = sourcecode.swift; path = PopoverContentView.swift; sourceTree = "<group>"; };
		A20000000000000000000006 /* Assets.xcassets */ = {isa = PBXFileReference; lastKnownFileType = folder.assetcatalog; path = Assets.xcassets; sourceTree = "<group>"; };
		A20000000000000000000007 /* UsageDisplayFormatterTests.swift */ = {isa = PBXFileReference; lastKnownFileType = sourcecode.swift; path = UsageDisplayFormatterTests.swift; sourceTree = "<group>"; };
		A20000000000000000000008 /* Info.plist */ = {isa = PBXFileReference; lastKnownFileType = text.plist.xml; path = Info.plist; sourceTree = "<group>"; };
		A20000000000000000000009 /* SimpleUsageBar.app */ = {isa = PBXFileReference; explicitFileType = wrapper.application; includeInIndex = 0; path = SimpleUsageBar.app; sourceTree = BUILT_PRODUCTS_DIR; };
		A2000000000000000000000A /* SimpleUsageBarTests.xctest */ = {isa = PBXFileReference; explicitFileType = wrapper.cfbundle; includeInIndex = 0; path = SimpleUsageBarTests.xctest; sourceTree = BUILT_PRODUCTS_DIR; };
		A2000000000000000000000B /* AppState.swift */ = {isa = PBXFileReference; lastKnownFileType = sourcecode.swift; path = AppState.swift; sourceTree = "<group>"; };
		A2000000000000000000000C /* GrokAuthStore.swift */ = {isa = PBXFileReference; lastKnownFileType = sourcecode.swift; path = GrokAuthStore.swift; sourceTree = "<group>"; };
		A2000000000000000000000D /* GrokCreditsProtoParser.swift */ = {isa = PBXFileReference; lastKnownFileType = sourcecode.swift; path = GrokCreditsProtoParser.swift; sourceTree = "<group>"; };
		A2000000000000000000000E /* GrokBillingClient.swift */ = {isa = PBXFileReference; lastKnownFileType = sourcecode.swift; path = GrokBillingClient.swift; sourceTree = "<group>"; };
		A2000000000000000000000F /* GrokProvider.swift */ = {isa = PBXFileReference; lastKnownFileType = sourcecode.swift; path = GrokProvider.swift; sourceTree = "<group>"; };
		A20000000000000000000010 /* GrokAuthStoreTests.swift */ = {isa = PBXFileReference; lastKnownFileType = sourcecode.swift; path = GrokAuthStoreTests.swift; sourceTree = "<group>"; };
		A20000000000000000000011 /* GrokCreditsProtoParserTests.swift */ = {isa = PBXFileReference; lastKnownFileType = sourcecode.swift; path = GrokCreditsProtoParserTests.swift; sourceTree = "<group>"; };
		A20000000000000000000012 /* GrokBillingClientTests.swift */ = {isa = PBXFileReference; lastKnownFileType = sourcecode.swift; path = GrokBillingClientTests.swift; sourceTree = "<group>"; };
		A20000000000000000000013 /* get_grok_credits_config_sample.bin */ = {isa = PBXFileReference; lastKnownFileType = archive.macbinary; path = get_grok_credits_config_sample.bin; sourceTree = "<group>"; };

		A20000000000000000000014 /* AuthWatchPaths.swift */ = {isa = PBXFileReference; lastKnownFileType = sourcecode.swift; path = AuthWatchPaths.swift; sourceTree = "<group>"; };
		A20000000000000000000015 /* AuthFileWatcher.swift */ = {isa = PBXFileReference; lastKnownFileType = sourcecode.swift; path = AuthFileWatcher.swift; sourceTree = "<group>"; };
		A20000000000000000000016 /* LaunchAtLogin.swift */ = {isa = PBXFileReference; lastKnownFileType = sourcecode.swift; path = LaunchAtLogin.swift; sourceTree = "<group>"; };
		A20000000000000000000017 /* UsageBandStyle.swift */ = {isa = PBXFileReference; lastKnownFileType = sourcecode.swift; path = UsageBandStyle.swift; sourceTree = "<group>"; };
		A20000000000000000000018 /* AuthWatchPathsTests.swift */ = {isa = PBXFileReference; lastKnownFileType = sourcecode.swift; path = AuthWatchPathsTests.swift; sourceTree = "<group>"; };
		A20000000000000000000019 /* UsageBandStyleTests.swift */ = {isa = PBXFileReference; lastKnownFileType = sourcecode.swift; path = UsageBandStyleTests.swift; sourceTree = "<group>"; };
		A2000000000000000000001A /* AppModelRefreshTests.swift */ = {isa = PBXFileReference; lastKnownFileType = sourcecode.swift; path = AppModelRefreshTests.swift; sourceTree = "<group>"; };
		A2000000000000000000001B /* UsageThresholdAlert.swift */ = {isa = PBXFileReference; lastKnownFileType = sourcecode.swift; path = UsageThresholdAlert.swift; sourceTree = "<group>"; };
		A2000000000000000000001C /* UsageThresholdNotifier.swift */ = {isa = PBXFileReference; lastKnownFileType = sourcecode.swift; path = UsageThresholdNotifier.swift; sourceTree = "<group>"; };
		A2000000000000000000001D /* UsageThresholdAlertTests.swift */ = {isa = PBXFileReference; lastKnownFileType = sourcecode.swift; path = UsageThresholdAlertTests.swift; sourceTree = "<group>"; };
		A2000000000000000000001E /* AppModelThresholdNotifyTests.swift */ = {isa = PBXFileReference; lastKnownFileType = sourcecode.swift; path = AppModelThresholdNotifyTests.swift; sourceTree = "<group>"; };
/* End PBXFileReference section */

/* Begin PBXFrameworksBuildPhase section */
		A60000000000000000000001 /* Frameworks */ = {
			isa = PBXFrameworksBuildPhase;
			buildActionMask = 2147483647;
			files = (
			);
			runOnlyForDeploymentPostprocessing = 0;
		};
		A60000000000000000000002 /* Frameworks */ = {
			isa = PBXFrameworksBuildPhase;
			buildActionMask = 2147483647;
			files = (
			);
			runOnlyForDeploymentPostprocessing = 0;
		};
/* End PBXFrameworksBuildPhase section */

/* Begin PBXGroup section */
		A70000000000000000000001 = {
			isa = PBXGroup;
			children = (
				A70000000000000000000002 /* SimpleUsageBar */,
				A70000000000000000000003 /* SimpleUsageBarTests */,
				A70000000000000000000004 /* Products */,
			);
			sourceTree = "<group>";
		};
		A70000000000000000000002 /* SimpleUsageBar */ = {
			isa = PBXGroup;
			children = (
				A70000000000000000000005 /* App */,
				A70000000000000000000006 /* Model */,
				A70000000000000000000008 /* Providers */,
				A70000000000000000000007 /* UI */,
				A7000000000000000000000B /* Support */,
				A20000000000000000000006 /* Assets.xcassets */,
				A20000000000000000000008 /* Info.plist */,
			);
			path = SimpleUsageBar;
			sourceTree = "<group>";
		};
		A7000000000000000000000B /* Support */ = {
			isa = PBXGroup;
			children = (
				A20000000000000000000014 /* AuthWatchPaths.swift */,
				A20000000000000000000015 /* AuthFileWatcher.swift */,
				A20000000000000000000016 /* LaunchAtLogin.swift */,
				A20000000000000000000017 /* UsageBandStyle.swift */,
				A2000000000000000000001B /* UsageThresholdAlert.swift */,
				A2000000000000000000001C /* UsageThresholdNotifier.swift */,
			);
			path = Support;
			sourceTree = "<group>";
		};
		A70000000000000000000003 /* SimpleUsageBarTests */ = {
			isa = PBXGroup;
			children = (
				A20000000000000000000007 /* UsageDisplayFormatterTests.swift */,
				A20000000000000000000010 /* GrokAuthStoreTests.swift */,
				A20000000000000000000011 /* GrokCreditsProtoParserTests.swift */,
				A20000000000000000000012 /* GrokBillingClientTests.swift */,
				A20000000000000000000018 /* AuthWatchPathsTests.swift */,
				A20000000000000000000019 /* UsageBandStyleTests.swift */,
				A2000000000000000000001A /* AppModelRefreshTests.swift */,
				A2000000000000000000001D /* UsageThresholdAlertTests.swift */,
				A2000000000000000000001E /* AppModelThresholdNotifyTests.swift */,
				A7000000000000000000000A /* Fixtures */,
			);
			path = SimpleUsageBarTests;
			sourceTree = "<group>";
		};
		A70000000000000000000004 /* Products */ = {
			isa = PBXGroup;
			children = (
				A20000000000000000000009 /* SimpleUsageBar.app */,
				A2000000000000000000000A /* SimpleUsageBarTests.xctest */,
			);
			name = Products;
			sourceTree = "<group>";
		};
		A70000000000000000000005 /* App */ = {
			isa = PBXGroup;
			children = (
				A20000000000000000000001 /* SimpleUsageBarApp.swift */,
			);
			path = App;
			sourceTree = "<group>";
		};
		A70000000000000000000006 /* Model */ = {
			isa = PBXGroup;
			children = (
				A20000000000000000000002 /* AppModel.swift */,
				A2000000000000000000000B /* AppState.swift */,
				A20000000000000000000003 /* UsageSnapshot.swift */,
				A20000000000000000000004 /* UsageDisplayFormatter.swift */,
			);
			path = Model;
			sourceTree = "<group>";
		};
		A70000000000000000000007 /* UI */ = {
			isa = PBXGroup;
			children = (
				A20000000000000000000005 /* PopoverContentView.swift */,
			);
			path = UI;
			sourceTree = "<group>";
		};
		A70000000000000000000008 /* Providers */ = {
			isa = PBXGroup;
			children = (
				A70000000000000000000009 /* Grok */,
			);
			path = Providers;
			sourceTree = "<group>";
		};
		A70000000000000000000009 /* Grok */ = {
			isa = PBXGroup;
			children = (
				A2000000000000000000000C /* GrokAuthStore.swift */,
				A2000000000000000000000D /* GrokCreditsProtoParser.swift */,
				A2000000000000000000000E /* GrokBillingClient.swift */,
				A2000000000000000000000F /* GrokProvider.swift */,
			);
			path = Grok;
			sourceTree = "<group>";
		};
		A7000000000000000000000A /* Fixtures */ = {
			isa = PBXGroup;
			children = (
				A20000000000000000000013 /* get_grok_credits_config_sample.bin */,
			);
			path = Fixtures;
			sourceTree = "<group>";
		};
/* End PBXGroup section */

/* Begin PBXNativeTarget section */
		A50000000000000000000001 /* SimpleUsageBar */ = {
			isa = PBXNativeTarget;
			buildConfigurationList = A80000000000000000000003 /* Build configuration list for PBXNativeTarget "SimpleUsageBar" */;
			buildPhases = (
				A90000000000000000000001 /* Sources */,
				A60000000000000000000001 /* Frameworks */,
				AA0000000000000000000001 /* Resources */,
			);
			buildRules = (
			);
			dependencies = (
			);
			name = SimpleUsageBar;
			productName = SimpleUsageBar;
			productReference = A20000000000000000000009 /* SimpleUsageBar.app */;
			productType = "com.apple.product-type.application";
		};
		A50000000000000000000002 /* SimpleUsageBarTests */ = {
			isa = PBXNativeTarget;
			buildConfigurationList = A80000000000000000000004 /* Build configuration list for PBXNativeTarget "SimpleUsageBarTests" */;
			buildPhases = (
				A90000000000000000000002 /* Sources */,
				A60000000000000000000002 /* Frameworks */,
				AA0000000000000000000002 /* Resources */,
			);
			buildRules = (
			);
			dependencies = (
				A30000000000000000000002 /* PBXTargetDependency */,
			);
			name = SimpleUsageBarTests;
			productName = SimpleUsageBarTests;
			productReference = A2000000000000000000000A /* SimpleUsageBarTests.xctest */;
			productType = "com.apple.product-type.bundle.unit-test";
		};
/* End PBXNativeTarget section */

/* Begin PBXProject section */
		A40000000000000000000001 /* Project object */ = {
			isa = PBXProject;
			attributes = {
				BuildIndependentTargetsInParallel = 1;
				LastSwiftUpdateCheck = 1600;
				LastUpgradeCheck = 1600;
				TargetAttributes = {
					A50000000000000000000001 = {
						CreatedOnToolsVersion = 16.0;
					};
					A50000000000000000000002 = {
						CreatedOnToolsVersion = 16.0;
						TestTargetID = A50000000000000000000001;
					};
				};
			};
			buildConfigurationList = A80000000000000000000001 /* Build configuration list for PBXProject "SimpleUsageBar" */;
			compatibilityVersion = "Xcode 14.0";
			developmentRegion = en;
			hasScannedForEncodings = 0;
			knownRegions = (
				en,
				Base,
			);
			mainGroup = A70000000000000000000001;
			productRefGroup = A70000000000000000000004 /* Products */;
			projectDirPath = "";
			projectRoot = "";
			targets = (
				A50000000000000000000001 /* SimpleUsageBar */,
				A50000000000000000000002 /* SimpleUsageBarTests */,
			);
		};
/* End PBXProject section */

/* Begin PBXResourcesBuildPhase section */
		AA0000000000000000000001 /* Resources */ = {
			isa = PBXResourcesBuildPhase;
			buildActionMask = 2147483647;
			files = (
				A10000000000000000000006 /* Assets.xcassets in Resources */,
			);
			runOnlyForDeploymentPostprocessing = 0;
		};
		AA0000000000000000000002 /* Resources */ = {
			isa = PBXResourcesBuildPhase;
			buildActionMask = 2147483647;
			files = (
				A10000000000000000000013 /* get_grok_credits_config_sample.bin in Resources */,
			);
			runOnlyForDeploymentPostprocessing = 0;
		};
/* End PBXResourcesBuildPhase section */

/* Begin PBXSourcesBuildPhase section */
		A90000000000000000000001 /* Sources */ = {
			isa = PBXSourcesBuildPhase;
			buildActionMask = 2147483647;
			files = (
				A10000000000000000000001 /* SimpleUsageBarApp.swift in Sources */,
				A10000000000000000000002 /* AppModel.swift in Sources */,
				A1000000000000000000000B /* AppState.swift in Sources */,
				A10000000000000000000003 /* UsageSnapshot.swift in Sources */,
				A10000000000000000000004 /* UsageDisplayFormatter.swift in Sources */,
				A10000000000000000000005 /* PopoverContentView.swift in Sources */,
				A1000000000000000000000C /* GrokAuthStore.swift in Sources */,
				A1000000000000000000000D /* GrokCreditsProtoParser.swift in Sources */,
				A1000000000000000000000E /* GrokBillingClient.swift in Sources */,
				A1000000000000000000000F /* GrokProvider.swift in Sources */,
				A10000000000000000000014 /* AuthWatchPaths.swift in Sources */,
				A10000000000000000000015 /* AuthFileWatcher.swift in Sources */,
				A10000000000000000000016 /* LaunchAtLogin.swift in Sources */,
				A10000000000000000000017 /* UsageBandStyle.swift in Sources */,
				A1000000000000000000001B /* UsageThresholdAlert.swift in Sources */,
				A1000000000000000000001C /* UsageThresholdNotifier.swift in Sources */,
			);
			runOnlyForDeploymentPostprocessing = 0;
		};
		A90000000000000000000002 /* Sources */ = {
			isa = PBXSourcesBuildPhase;
			buildActionMask = 2147483647;
			files = (
				A10000000000000000000007 /* UsageDisplayFormatterTests.swift in Sources */,
				A10000000000000000000010 /* GrokAuthStoreTests.swift in Sources */,
				A10000000000000000000011 /* GrokCreditsProtoParserTests.swift in Sources */,
				A10000000000000000000012 /* GrokBillingClientTests.swift in Sources */,
				A10000000000000000000018 /* AuthWatchPathsTests.swift in Sources */,
				A10000000000000000000019 /* UsageBandStyleTests.swift in Sources */,
				A1000000000000000000001A /* AppModelRefreshTests.swift in Sources */,
				A1000000000000000000001D /* UsageThresholdAlertTests.swift in Sources */,
				A1000000000000000000001E /* AppModelThresholdNotifyTests.swift in Sources */,
			);
			runOnlyForDeploymentPostprocessing = 0;
		};
/* End PBXSourcesBuildPhase section */

/* Begin PBXTargetDependency section */
		A30000000000000000000002 /* PBXTargetDependency */ = {
			isa = PBXTargetDependency;
			target = A50000000000000000000001 /* SimpleUsageBar */;
			targetProxy = A30000000000000000000001 /* PBXContainerItemProxy */;
		};
/* End PBXTargetDependency section */

/* Begin XCBuildConfiguration section */
		AB0000000000000000000001 /* Debug */ = {
			isa = XCBuildConfiguration;
			buildSettings = {
				ALWAYS_SEARCH_USER_PATHS = NO;
				CLANG_ENABLE_MODULES = YES;
				CLANG_ENABLE_OBJC_ARC = YES;
				COPY_PHASE_STRIP = NO;
				DEBUG_INFORMATION_FORMAT = dwarf;
				ENABLE_TESTABILITY = YES;
				GCC_DYNAMIC_NO_PIC = NO;
				GCC_OPTIMIZATION_LEVEL = 0;
				MACOSX_DEPLOYMENT_TARGET = 14.0;
				ONLY_ACTIVE_ARCH = YES;
				SDKROOT = macosx;
				SWIFT_ACTIVE_COMPILATION_CONDITIONS = DEBUG;
				SWIFT_OPTIMIZATION_LEVEL = "-Onone";
			};
			name = Debug;
		};
		AB0000000000000000000002 /* Release */ = {
			isa = XCBuildConfiguration;
			buildSettings = {
				ALWAYS_SEARCH_USER_PATHS = NO;
				CLANG_ENABLE_MODULES = YES;
				CLANG_ENABLE_OBJC_ARC = YES;
				COPY_PHASE_STRIP = NO;
				DEBUG_INFORMATION_FORMAT = "dwarf-with-dsym";
				MACOSX_DEPLOYMENT_TARGET = 14.0;
				SDKROOT = macosx;
				SWIFT_COMPILATION_MODE = wholemodule;
			};
			name = Release;
		};
		AB0000000000000000000003 /* Debug */ = {
			isa = XCBuildConfiguration;
			buildSettings = {
				ASSETCATALOG_COMPILER_APPICON_NAME = AppIcon;
				CODE_SIGN_IDENTITY = "-";
				CODE_SIGN_STYLE = Automatic;
				COMBINE_HIDPI_IMAGES = YES;
				CURRENT_PROJECT_VERSION = 1;
				ENABLE_HARDENED_RUNTIME = YES;
				GENERATE_INFOPLIST_FILE = NO;
				INFOPLIST_FILE = SimpleUsageBar/Info.plist;
				INFOPLIST_KEY_LSApplicationCategoryType = "public.app-category.utilities";
				INFOPLIST_KEY_NSHumanReadableCopyright = "";
				LD_RUNPATH_SEARCH_PATHS = (
					"$(inherited)",
					"@executable_path/../Frameworks",
				);
				MARKETING_VERSION = 0.1.0;
				PRODUCT_BUNDLE_IDENTIFIER = com.andrewcoleman.SimpleUsageBar;
				PRODUCT_NAME = "$(TARGET_NAME)";
				SWIFT_EMIT_LOC_STRINGS = YES;
				SWIFT_VERSION = 5.0;
			};
			name = Debug;
		};
		AB0000000000000000000004 /* Release */ = {
			isa = XCBuildConfiguration;
			buildSettings = {
				ASSETCATALOG_COMPILER_APPICON_NAME = AppIcon;
				CODE_SIGN_IDENTITY = "-";
				CODE_SIGN_STYLE = Automatic;
				COMBINE_HIDPI_IMAGES = YES;
				CURRENT_PROJECT_VERSION = 1;
				ENABLE_HARDENED_RUNTIME = YES;
				GENERATE_INFOPLIST_FILE = NO;
				INFOPLIST_FILE = SimpleUsageBar/Info.plist;
				INFOPLIST_KEY_LSApplicationCategoryType = "public.app-category.utilities";
				INFOPLIST_KEY_NSHumanReadableCopyright = "";
				LD_RUNPATH_SEARCH_PATHS = (
					"$(inherited)",
					"@executable_path/../Frameworks",
				);
				MARKETING_VERSION = 0.1.0;
				PRODUCT_BUNDLE_IDENTIFIER = com.andrewcoleman.SimpleUsageBar;
				PRODUCT_NAME = "$(TARGET_NAME)";
				SWIFT_EMIT_LOC_STRINGS = YES;
				SWIFT_VERSION = 5.0;
			};
			name = Release;
		};
		AB0000000000000000000005 /* Debug */ = {
			isa = XCBuildConfiguration;
			buildSettings = {
				BUNDLE_LOADER = "$(TEST_HOST)";
				CODE_SIGN_IDENTITY = "-";
				CODE_SIGN_STYLE = Automatic;
				CURRENT_PROJECT_VERSION = 1;
				GENERATE_INFOPLIST_FILE = YES;
				MACOSX_DEPLOYMENT_TARGET = 14.0;
				MARKETING_VERSION = 0.1.0;
				PRODUCT_BUNDLE_IDENTIFIER = com.andrewcoleman.SimpleUsageBarTests;
				PRODUCT_NAME = "$(TARGET_NAME)";
				SWIFT_VERSION = 5.0;
				TEST_HOST = "$(BUILT_PRODUCTS_DIR)/SimpleUsageBar.app/Contents/MacOS/SimpleUsageBar";
			};
			name = Debug;
		};
		AB0000000000000000000006 /* Release */ = {
			isa = XCBuildConfiguration;
			buildSettings = {
				BUNDLE_LOADER = "$(TEST_HOST)";
				CODE_SIGN_IDENTITY = "-";
				CODE_SIGN_STYLE = Automatic;
				CURRENT_PROJECT_VERSION = 1;
				GENERATE_INFOPLIST_FILE = YES;
				MACOSX_DEPLOYMENT_TARGET = 14.0;
				MARKETING_VERSION = 0.1.0;
				PRODUCT_BUNDLE_IDENTIFIER = com.andrewcoleman.SimpleUsageBarTests;
				PRODUCT_NAME = "$(TARGET_NAME)";
				SWIFT_VERSION = 5.0;
				TEST_HOST = "$(BUILT_PRODUCTS_DIR)/SimpleUsageBar.app/Contents/MacOS/SimpleUsageBar";
			};
			name = Release;
		};
/* End XCBuildConfiguration section */

/* Begin XCConfigurationList section */
		A80000000000000000000001 /* Build configuration list for PBXProject "SimpleUsageBar" */ = {
			isa = XCConfigurationList;
			buildConfigurations = (
				AB0000000000000000000001 /* Debug */,
				AB0000000000000000000002 /* Release */,
			);
			defaultConfigurationIsVisible = 0;
			defaultConfigurationName = Release;
		};
		A80000000000000000000003 /* Build configuration list for PBXNativeTarget "SimpleUsageBar" */ = {
			isa = XCConfigurationList;
			buildConfigurations = (
				AB0000000000000000000003 /* Debug */,
				AB0000000000000000000004 /* Release */,
			);
			defaultConfigurationIsVisible = 0;
			defaultConfigurationName = Release;
		};
		A80000000000000000000004 /* Build configuration list for PBXNativeTarget "SimpleUsageBarTests" */ = {
			isa = XCConfigurationList;
			buildConfigurations = (
				AB0000000000000000000005 /* Debug */,
				AB0000000000000000000006 /* Release */,
			);
			defaultConfigurationIsVisible = 0;
			defaultConfigurationName = Release;
		};
/* End XCConfigurationList section */
	};
	rootObject = A40000000000000000000001 /* Project object */;
}
